// !$*UTF8*$!
{
	archiveVersion = 1;
	classes = {
	};
	objectVersion = 50;
	objects = {

/* Begin PBXBuildFile section */
		58AA343E234C4F52004D2B81 /* AppDelegate.swift in Sources */ = {isa = PBXBuildFile; fileRef = 58AA343D234C4F52004D2B81 /* AppDelegate.swift */; };
		58AA3440234C4F52004D2B81 /* SceneDelegate.swift in Sources */ = {isa = PBXBuildFile; fileRef = 58AA343F234C4F52004D2B81 /* SceneDelegate.swift */; };
		58AA3442234C4F52004D2B81 /* ViewController.swift in Sources */ = {isa = PBXBuildFile; fileRef = 58AA3441234C4F52004D2B81 /* ViewController.swift */; };
		58AA3445234C4F52004D2B81 /* Main.storyboard in Resources */ = {isa = PBXBuildFile; fileRef = 58AA3443234C4F52004D2B81 /* Main.storyboard */; };
		58AA3447234C4F53004D2B81 /* Assets.xcassets in Resources */ = {isa = PBXBuildFile; fileRef = 58AA3446234C4F53004D2B81 /* Assets.xcassets */; };
		58AA344A234C4F53004D2B81 /* LaunchScreen.storyboard in Resources */ = {isa = PBXBuildFile; fileRef = 58AA3448234C4F53004D2B81 /* LaunchScreen.storyboard */; };
		58AA3454234C6266004D2B81 /* TextCell.swift in Sources */ = {isa = PBXBuildFile; fileRef = 58AA3453234C6266004D2B81 /* TextCell.swift */; };
		58AA3456234C6289004D2B81 /* ImageCell.swift in Sources */ = {isa = PBXBuildFile; fileRef = 58AA3455234C6289004D2B81 /* ImageCell.swift */; };
		58AA345A234C63AC004D2B81 /* TextCell.xib in Resources */ = {isa = PBXBuildFile; fileRef = 58AA3459234C63AC004D2B81 /* TextCell.xib */; };
		58AA345C234C64AB004D2B81 /* ImageCell.xib in Resources */ = {isa = PBXBuildFile; fileRef = 58AA345B234C64AB004D2B81 /* ImageCell.xib */; };
		58AA345E234C7509004D2B81 /* EstimatedGridViewController.swift in Sources */ = {isa = PBXBuildFile; fileRef = 58AA345D234C7509004D2B81 /* EstimatedGridViewController.swift */; };
		58AA3460234C7A36004D2B81 /* ComplexGroupViewController.swift in Sources */ = {isa = PBXBuildFile; fileRef = 58AA345F234C7A36004D2B81 /* ComplexGroupViewController.swift */; };
		58AA3462234C9309004D2B81 /* SectionsViewController.swift in Sources */ = {isa = PBXBuildFile; fileRef = 58AA3461234C9309004D2B81 /* SectionsViewController.swift */; };
/* End PBXBuildFile section */

/* Begin PBXFileReference section */
		58AA343A234C4F52004D2B81 /* UICollectionViewCompositionalLayout.app */ = {isa = PBXFileReference; explicitFileType = wrapper.application; includeInIndex = 0; path = UICollectionViewCompositionalLayout.app; sourceTree = BUILT_PRODUCTS_DIR; };
		58AA343D234C4F52004D2B81 /* AppDelegate.swift */ = {isa = PBXFileReference; lastKnownFileType = sourcecode.swift; path = AppDelegate.swift; sourceTree = "<group>"; };
		58AA343F234C4F52004D2B81 /* SceneDelegate.swift */ = {isa = PBXFileReference; lastKnownFileType = sourcecode.swift; path = SceneDelegate.swift; sourceTree = "<group>"; };
		58AA3441234C4F52004D2B81 /* ViewController.swift */ = {isa = PBXFileReference; lastKnownFileType = sourcecode.swift; path = ViewController.swift; sourceTree = "<group>"; };
		58AA3444234C4F52004D2B81 /* Base */ = {isa = PBXFileReference; lastKnownFileType = file.storyboard; name = Base; path = Base.lproj/Main.storyboard; sourceTree = "<group>"; };
		58AA3446234C4F53004D2B81 /* Assets.xcassets */ = {isa = PBXFileReference; lastKnownFileType = folder.assetcatalog; path = Assets.xcassets; sourceTree = "<group>"; };
		58AA3449234C4F53004D2B81 /* Base */ = {isa = PBXFileReference; lastKnownFileType = file.storyboard; name = Base; path = Base.lproj/LaunchScreen.storyboard; sourceTree = "<group>"; };
		58AA344B234C4F53004D2B81 /* Info.plist */ = {isa = PBXFileReference; lastKnownFileType = text.plist.xml; path = Info.plist; sourceTree = "<group>"; };
		58AA3453234C6266004D2B81 /* TextCell.swift */ = {isa = PBXFileReference; lastKnownFileType = sourcecode.swift; path = TextCell.swift; sourceTree = "<group>"; };
		58AA3455234C6289004D2B81 /* ImageCell.swift */ = {isa = PBXFileReference; lastKnownFileType = sourcecode.swift; path = ImageCell.swift; sourceTree = "<group>"; };
		58AA3459234C63AC004D2B81 /* TextCell.xib */ = {isa = PBXFileReference; lastKnownFileType = file.xib; path = TextCell.xib; sourceTree = "<group>"; };
		58AA345B234C64AB004D2B81 /* ImageCell.xib */ = {isa = PBXFileReference; lastKnownFileType = file.xib; path = ImageCell.xib; sourceTree = "<group>"; };
		58AA345D234C7509004D2B81 /* EstimatedGridViewController.swift */ = {isa = PBXFileReference; lastKnownFileType = sourcecode.swift; path = EstimatedGridViewController.swift; sourceTree = "<group>"; };
		58AA345F234C7A36004D2B81 /* ComplexGroupViewController.swift */ = {isa = PBXFileReference; lastKnownFileType = sourcecode.swift; path = ComplexGroupViewController.swift; sourceTree = "<group>"; };
		58AA3461234C9309004D2B81 /* SectionsViewController.swift */ = {isa = PBXFileReference; lastKnownFileType = sourcecode.swift; path = SectionsViewController.swift; sourceTree = "<group>"; };
/* End PBXFileReference section */

/* Begin PBXFrameworksBuildPhase section */
		58AA3437234C4F52004D2B81 /* Frameworks */ = {
			isa = PBXFrameworksBuildPhase;
			buildActionMask = 2147483647;
			files = (
			);
			runOnlyForDeploymentPostprocessing = 0;
		};
/* End PBXFrameworksBuildPhase section */

/* Begin PBXGroup section */
		58AA3431234C4F52004D2B81 = {
			isa = PBXGroup;
			children = (
				58AA343C234C4F52004D2B81 /* UICollectionViewCompositionalLayout */,
				58AA343B234C4F52004D2B81 /* Products */,
			);
			sourceTree = "<group>";
		};
		58AA343B234C4F52004D2B81 /* Products */ = {
			isa = PBXGroup;
			children = (
				58AA343A234C4F52004D2B81 /* UICollectionViewCompositionalLayout.app */,
			);
			name = Products;
			sourceTree = "<group>";
		};
		58AA343C234C4F52004D2B81 /* UICollectionViewCompositionalLayout */ = {
			isa = PBXGroup;
			children = (
				58AA3452234C6241004D2B81 /* Cells */,
				58AA3451234C6238004D2B81 /* View controllers */,
				58AA343D234C4F52004D2B81 /* AppDelegate.swift */,
				58AA343F234C4F52004D2B81 /* SceneDelegate.swift */,
				58AA3441234C4F52004D2B81 /* ViewController.swift */,
				58AA3443234C4F52004D2B81 /* Main.storyboard */,
				58AA3446234C4F53004D2B81 /* Assets.xcassets */,
				58AA3448234C4F53004D2B81 /* LaunchScreen.storyboard */,
				58AA344B234C4F53004D2B81 /* Info.plist */,
			);
			path = UICollectionViewCompositionalLayout;
			sourceTree = "<group>";
		};
		58AA3451234C6238004D2B81 /* View controllers */ = {
			isa = PBXGroup;
			children = (
				58AA345D234C7509004D2B81 /* EstimatedGridViewController.swift */,
				58AA345F234C7A36004D2B81 /* ComplexGroupViewController.swift */,
				58AA3461234C9309004D2B81 /* SectionsViewController.swift */,
			);
			path = "View controllers";
			sourceTree = "<group>";
		};
		58AA3452234C6241004D2B81 /* Cells */ = {
			isa = PBXGroup;
			children = (
				58AA3453234C6266004D2B81 /* TextCell.swift */,
				58AA3459234C63AC004D2B81 /* TextCell.xib */,
				58AA3455234C6289004D2B81 /* ImageCell.swift */,
				58AA345B234C64AB004D2B81 /* ImageCell.xib */,
			);
			path = Cells;
			sourceTree = "<group>";
		};
/* End PBXGroup section */

/* Begin PBXNativeTarget section */
		58AA3439234C4F52004D2B81 /* UICollectionViewCompositionalLayout */ = {
			isa = PBXNativeTarget;
			buildConfigurationList = 58AA344E234C4F53004D2B81 /* Build configuration list for PBXNativeTarget "UICollectionViewCompositionalLayout" */;
			buildPhases = (
				58AA3436234C4F52004D2B81 /* Sources */,
				58AA3437234C4F52004D2B81 /* Frameworks */,
				58AA3438234C4F52004D2B81 /* Resources */,
			);
			buildRules = (
			);
			dependencies = (
			);
			name = UICollectionViewCompositionalLayout;
			productName = UICollectionViewCompositionalLayout;
			productReference = 58AA343A234C4F52004D2B81 /* UICollectionViewCompositionalLayout.app */;
			productType = "com.apple.product-type.application";
		};
/* End PBXNativeTarget section */

/* Begin PBXProject section */
		58AA3432234C4F52004D2B81 /* Project object */ = {
			isa = PBXProject;
			attributes = {
				LastSwiftUpdateCheck = 1110;
				LastUpgradeCheck = 1110;
				ORGANIZATIONNAME = "Hiep Nguyen";
				TargetAttributes = {
					58AA3439234C4F52004D2B81 = {
						CreatedOnToolsVersion = 11.1;
					};
				};
			};
			buildConfigurationList = 58AA3435234C4F52004D2B81 /* Build configuration list for PBXProject "UICollectionViewCompositionalLayout" */;
			compatibilityVersion = "Xcode 9.3";
			developmentRegion = en;
			hasScannedForEncodings = 0;
			knownRegions = (
				en,
				Base,
			);
			mainGroup = 58AA3431234C4F52004D2B81;
			productRefGroup = 58AA343B234C4F52004D2B81 /* Products */;
			projectDirPath = "";
			projectRoot = "";
			targets = (
				58AA3439234C4F52004D2B81 /* UICollectionViewCompositionalLayout */,
			);
		};
/* End PBXProject section */

/* Begin PBXResourcesBuildPhase section */
		58AA3438234C4F52004D2B81 /* Resources */ = {
			isa = PBXResourcesBuildPhase;
			buildActionMask = 2147483647;
			files = (
				58AA344A234C4F53004D2B81 /* LaunchScreen.storyboard in Resources */,
				58AA3447234C4F53004D2B81 /* Assets.xcassets in Resources */,
				58AA345A234C63AC004D2B81 /* TextCell.xib in Resources */,
				58AA345C234C64AB004D2B81 /* ImageCell.xib in Resources */,
				58AA3445234C4F52004D2B81 /* Main.storyboard in Resources */,
			);
			runOnlyForDeploymentPostprocessing = 0;
		};
/* End PBXResourcesBuildPhase section */

/* Begin PBXSourcesBuildPhase section */
		58AA3436234C4F52004D2B81 /* Sources */ = {
			isa = PBXSourcesBuildPhase;
			buildActionMask = 2147483647;
			files = (
				58AA3442234C4F52004D2B81 /* ViewController.swift in Sources */,
				58AA343E234C4F52004D2B81 /* AppDelegate.swift in Sources */,
				58AA3460234C7A36004D2B81 /* ComplexGroupViewController.swift in Sources */,
				58AA3454234C6266004D2B81 /* TextCell.swift in Sources */,
				58AA3440234C4F52004D2B81 /* SceneDelegate.swift in Sources */,
				58AA3456234C6289004D2B81 /* ImageCell.swift in Sources */,
				58AA3462234C9309004D2B81 /* SectionsViewController.swift in Sources */,
				58AA345E234C7509004D2B81 /* EstimatedGridViewController.swift in Sources */,
			);
			runOnlyForDeploymentPostprocessing = 0;
		};
/* End PBXSourcesBuildPhase section */

/* Begin PBXVariantGroup section */
		58AA3443234C4F52004D2B81 /* Main.storyboard */ = {
			isa = PBXVariantGroup;
			children = (
				58AA3444234C4F52004D2B81 /* Base */,
			);
			name = Main.storyboard;
			sourceTree = "<group>";
		};
		58AA3448234C4F53004D2B81 /* LaunchScreen.storyboard */ = {
			isa = PBXVariantGroup;
			children = (
				58AA3449234C4F53004D2B81 /* Base */,
			);
			name = LaunchScreen.storyboard;
			sourceTree = "<group>";
		};
/* End PBXVariantGroup section */

/* Begin XCBuildConfiguration section */
		58AA344C234C4F53004D2B81 /* Debug */ = {
			isa = XCBuildConfiguration;
			buildSettings = {
				ALWAYS_SEARCH_USER_PATHS = NO;
				CLANG_ANALYZER_NONNULL = YES;
				CLANG_ANALYZER_NUMBER_OBJECT_CONVERSION = YES_AGGRESSIVE;
				CLANG_CXX_LANGUAGE_STANDARD = "gnu++14";
				CLANG_CXX_LIBRARY = "libc++";
				CLANG_ENABLE_MODULES = YES;
				CLANG_ENABLE_OBJC_ARC = YES;
				CLANG_ENABLE_OBJC_WEAK = YES;
				CLANG_WARN_BLOCK_CAPTURE_AUTORELEASING = YES;
				CLANG_WARN_BOOL_CONVERSION = YES;
				CLANG_WARN_COMMA = YES;
				CLANG_WARN_CONSTANT_CONVERSION = YES;
				CLANG_WARN_DEPRECATED_OBJC_IMPLEMENTATIONS = YES;
				CLANG_WARN_DIRECT_OBJC_ISA_USAGE = YES_ERROR;
				CLANG_WARN_DOCUMENTATION_COMMENTS = YES;
				CLANG_WARN_EMPTY_BODY = YES;
				CLANG_WARN_ENUM_CONVERSION = YES;
				CLANG_WARN_INFINITE_RECURSION = YES;
				CLANG_WARN_INT_CONVERSION = YES;
				CLANG_WARN_NON_LITERAL_NULL_CONVERSION = YES;
				CLANG_WARN_OBJC_IMPLICIT_RETAIN_SELF = YES;
				CLANG_WARN_OBJC_LITERAL_CONVERSION = YES;
				CLANG_WARN_OBJC_ROOT_CLASS = YES_ERROR;
				CLANG_WARN_RANGE_LOOP_ANALYSIS = YES;
				CLANG_WARN_STRICT_PROTOTYPES = YES;
				CLANG_WARN_SUSPICIOUS_MOVE = YES;
				CLANG_WARN_UNGUARDED_AVAILABILITY = YES_AGGRESSIVE;
				CLANG_WARN_UNREACHABLE_CODE = YES;
				CLANG_WARN__DUPLICATE_METHOD_MATCH = YES;
				COPY_PHASE_STRIP = NO;
				DEBUG_INFORMATION_FORMAT = dwarf;
				ENABLE_STRICT_OBJC_MSGSEND = YES;
				ENABLE_TESTABILITY = YES;
				GCC_C_LANGUAGE_STANDARD = gnu11;
				GCC_DYNAMIC_NO_PIC = NO;
				GCC_NO_COMMON_BLOCKS = YES;
				GCC_OPTIMIZATION_LEVEL = 0;
				GCC_PREPROCESSOR_DEFINITIONS = (
					"DEBUG=1",
					"$(inherited)",
				);
				GCC_WARN_64_TO_32_BIT_CONVERSION = YES;
				GCC_WARN_ABOUT_RETURN_TYPE = YES_ERROR;
				GCC_WARN_UNDECLARED_SELECTOR = YES;
				GCC_WARN_UNINITIALIZED_AUTOS = YES_AGGRESSIVE;
				GCC_WARN_UNUSED_FUNCTION = YES;
				GCC_WARN_UNUSED_VARIABLE = YES;
				IPHONEOS_DEPLOYMENT_TARGET = 13.1;
				MTL_ENABLE_DEBUG_INFO = INCLUDE_SOURCE;
				MTL_FAST_MATH = YES;
				ONLY_ACTIVE_ARCH = YES;
				SDKROOT = iphoneos;
				SWIFT_ACTIVE_COMPILATION_CONDITIONS = DEBUG;
				SWIFT_OPTIMIZATION_LEVEL = "-Onone";
			};
			name = Debug;
		};
		58AA344D234C4F53004D2B81 /* Release */ = {
			isa = XCBuildConfiguration;
			buildSettings = {
				ALWAYS_SEARCH_USER_PATHS = NO;
				CLANG_ANALYZER_NONNULL = YES;
				CLANG_ANALYZER_NUMBER_OBJECT_CONVERSION = YES_AGGRESSIVE;
				CLANG_CXX_LANGUAGE_STANDARD = "gnu++14";
				CLANG_CXX_LIBRARY = "libc++";
				CLANG_ENABLE_MODULES = YES;
				CLANG_ENABLE_OBJC_ARC = YES;
				CLANG_ENABLE_OBJC_WEAK = YES;
				CLANG_WARN_BLOCK_CAPTURE_AUTORELEASING = YES;
				CLANG_WARN_BOOL_CONVERSION = YES;
				CLANG_WARN_COMMA = YES;
				CLANG_WARN_CONSTANT_CONVERSION = YES;
				CLANG_WARN_DEPRECATED_OBJC_IMPLEMENTATIONS = YES;
				CLANG_WARN_DIRECT_OBJC_ISA_USAGE = YES_ERROR;
				CLANG_WARN_DOCUMENTATION_COMMENTS = YES;
				CLANG_WARN_EMPTY_BODY = YES;
				CLANG_WARN_ENUM_CONVERSION = YES;
				CLANG_WARN_INFINITE_RECURSION = YES;
				CLANG_WARN_INT_CONVERSION = YES;
				CLANG_WARN_NON_LITERAL_NULL_CONVERSION = YES;
				CLANG_WARN_OBJC_IMPLICIT_RETAIN_SELF = YES;
				CLANG_WARN_OBJC_LITERAL_CONVERSION = YES;
				CLANG_WARN_OBJC_ROOT_CLASS = YES_ERROR;
				CLANG_WARN_RANGE_LOOP_ANALYSIS = YES;
				CLANG_WARN_STRICT_PROTOTYPES = YES;
				CLANG_WARN_SUSPICIOUS_MOVE = YES;
				CLANG_WARN_UNGUARDED_AVAILABILITY = YES_AGGRESSIVE;
				CLANG_WARN_UNREACHABLE_CODE = YES;
				CLANG_WARN__DUPLICATE_METHOD_MATCH = YES;
				COPY_PHASE_STRIP = NO;
				DEBUG_INFORMATION_FORMAT = "dwarf-with-dsym";
				ENABLE_NS_ASSERTIONS = NO;
				ENABLE_STRICT_OBJC_MSGSEND = YES;
				GCC_C_LANGUAGE_STANDARD = gnu11;
				GCC_NO_COMMON_BLOCKS = YES;
				GCC_WARN_64_TO_32_BIT_CONVERSION = YES;
				GCC_WARN_ABOUT_RETURN_TYPE = YES_ERROR;
				GCC_WARN_UNDECLARED_SELECTOR = YES;
				GCC_WARN_UNINITIALIZED_AUTOS = YES_AGGRESSIVE;
				GCC_WARN_UNUSED_FUNCTION = YES;
				GCC_WARN_UNUSED_VARIABLE = YES;
				IPHONEOS_DEPLOYMENT_TARGET = 13.1;
				MTL_ENABLE_DEBUG_INFO = NO;
				MTL_FAST_MATH = YES;
				SDKROOT = iphoneos;
				SWIFT_COMPILATION_MODE = wholemodule;
				SWIFT_OPTIMIZATION_LEVEL = "-O";
				VALIDATE_PRODUCT = YES;
			};
			name = Release;
		};
		58AA344F234C4F53004D2B81 /* Debug */ = {
			isa = XCBuildConfiguration;
			buildSettings = {
				ASSETCATALOG_COMPILER_APPICON_NAME = AppIcon;
				CODE_SIGN_STYLE = Automatic;
				DEVELOPMENT_TEAM = 52VFBWA93Y;
				INFOPLIST_FILE = UICollectionViewCompositionalLayout/Info.plist;
				LD_RUNPATH_SEARCH_PATHS = (
					"$(inherited)",
					"@executable_path/Frameworks",
				);
				PRODUCT_BUNDLE_IDENTIFIER = com.appstorelayout.UICollectionViewCompositionalLayout;
				PRODUCT_NAME = "$(TARGET_NAME)";
				SWIFT_VERSION = 5.0;
				TARGETED_DEVICE_FAMILY = "1,2";
			};
			name = Debug;
		};
		58AA3450234C4F53004D2B81 /* Release */ = {
			isa = XCBuildConfiguration;
			buildSettings = {
				ASSETCATALOG_COMPILER_APPICON_NAME = AppIcon;
				CODE_SIGN_STYLE = Automatic;
				DEVELOPMENT_TEAM = 52VFBWA93Y;
				INFOPLIST_FILE = UICollectionViewCompositionalLayout/Info.plist;
				LD_RUNPATH_SEARCH_PATHS = (
					"$(inherited)",
					"@executable_path/Frameworks",
				);
				PRODUCT_BUNDLE_IDENTIFIER = com.appstorelayout.UICollectionViewCompositionalLayout;
				PRODUCT_NAME = "$(TARGET_NAME)";
				SWIFT_VERSION = 5.0;
				TARGETED_DEVICE_FAMILY = "1,2";
			};
			name = Release;
		};
/* End XCBuildConfiguration section */

/* Begin XCConfigurationList section */
		58AA3435234C4F52004D2B81 /* Build configuration list for PBXProject "UICollectionViewCompositionalLayout" */ = {
			isa = XCConfigurationList;
			buildConfigurations = (
				58AA344C234C4F53004D2B81 /* Debug */,
				58AA344D234C4F53004D2B81 /* Release */,
			);
			defaultConfigurationIsVisible = 0;
			defaultConfigurationName = Release;
		};
		58AA344E234C4F53004D2B81 /* Build configuration list for PBXNativeTarget "UICollectionViewCompositionalLayout" */ = {
			isa = XCConfigurationList;
			buildConfigurations = (
				58AA344F234C4F53004D2B81 /* Debug */,
				58AA3450234C4F53004D2B81 /* Release */,
			);
			defaultConfigurationIsVisible = 0;
			defaultConfigurationName = Release;
		};
/* End XCConfigurationList section */
	};
	rootObject = 58AA3432234C4F52004D2B81 /* Project object */;
}
